
Microsoft Visual Studio Solution File, Format Version 10.00
# Visual Studio 2008
Project("{FAE04EC0-301F-11D3-BF4B-00C04F79EFBC}") = "VideoDataMerger", "VideoDataMerger\VideoDataMerger.csproj", "{93862C7B-8E55-4322-8BE1-64C06F0ED03B}"
EndProject
Project("{FAE04EC0-301F-11D3-BF4B-00C04F79EFBC}") = "AviFile", "AviFile\AviFile.csproj", "{ADEDD433-B3C0-4EF0-B730-734045C16788}"
EndProject
Global
	GlobalSection(SolutionConfigurationPlatforms) = preSolution
		Debug|Any CPU = Debug|Any CPU
		Release|Any CPU = Release|Any CPU
	EndGlobalSection
	GlobalSection(ProjectConfigurationPlatforms) = postSolution
		{93862C7B-8E55-4322-8BE1-64C06F0ED03B}.Debug|Any CPU.ActiveCfg = Debug|Any CPU
		{93862C7B-8E55-4322-8BE1-64C06F0ED03B}.Debug|Any CPU.Build.0 = Debug|Any CPU
		{93862C7B-8E55-4322-8BE1-64C06F0ED03B}.Release|Any CPU.ActiveCfg = Release|Any CPU
		{93862C7B-8E55-4322-8BE1-64C06F0ED03B}.Release|Any CPU.Build.0 = Release|Any CPU
		{ADEDD433-B3C0-4EF0-B730-734045C16788}.Debug|Any CPU.ActiveCfg = Debug|Any CPU
		{ADEDD433-B3C0-4EF0-B730-734045C16788}.Debug|Any CPU.Build.0 = Debug|Any CPU
		{ADEDD433-B3C0-4EF0-B730-734045C16788}.Release|Any CPU.ActiveCfg = Release|Any CPU
		{ADEDD433-B3C0-4EF0-B730-734045C16788}.Release|Any CPU.Build.0 = Release|Any CPU
	EndGlobalSection
	GlobalSection(SolutionProperties) = preSolution
		HideSolutionNode = FALSE
	EndGlobalSection
EndGlobal
